{
    "_meta": {
        "hash": {
            "sha256": "32aa1f68f8f957873d4fd7361d32c9c2435843469be3ab701bfe27264c7621dc"
        },
        "pipfile-spec": 6,
        "requires": {
            "python_version": "3.9"
        },
        "sources": [
            {
                "name": "pypi",
                "url": "https://pypi.tuna.tsinghua.edu.cn/simple/",
                "verify_ssl": true
            }
        ]
    },
    "default": {},
    "develop": {}
}
